
Microsoft Visual Studio Solution File, Format Version 12.00
# Visual Studio Version 16
VisualStudioVersion = 16.0.30503.244
MinimumVisualStudioVersion = 10.0.40219.1
Project("{8BC9CEB8-8B4A-11D0-8D11-00A0C91BC942}") = "Exo1", "Exo1\Exo1.vcxproj", "{758F4A68-CCD1-4590-B78A-C7A138D98802}"
EndProject
Project("{8BC9CEB8-8B4A-11D0-8D11-00A0C91BC942}") = "Exo2", "Exo2\Exo2.vcxproj", "{167104C6-DFB2-4E1A-9082-4FC468DF08ED}"
EndProject
Project("{8BC9CEB8-8B4A-11D0-8D11-00A0C91BC942}") = "Exo3", "Exo3\Exo3.vcxproj", "{2CD08F47-F4E6-44BA-987A-21705C11B6A3}"
EndProject
Project("{8BC9CEB8-8B4A-11D0-8D11-00A0C91BC942}") = "Exo4", "Exo4\Exo4.vcxproj", "{B3E5D1BD-3FC1-4147-B411-C1C436DFBF51}"
EndProject
Global
	GlobalSection(SolutionConfigurationPlatforms) = preSolution
		Debug|x64 = Debug|x64
		Debug|x86 = Debug|x86
		Release|x64 = Release|x64
		Release|x86 = Release|x86
	EndGlobalSection
	GlobalSection(ProjectConfigurationPlatforms) = postSolution
		{758F4A68-CCD1-4590-B78A-C7A138D98802}.Debug|x64.ActiveCfg = Debug|x64
		{758F4A68-CCD1-4590-B78A-C7A138D98802}.Debug|x64.Build.0 = Debug|x64
		{758F4A68-CCD1-4590-B78A-C7A138D98802}.Debug|x86.ActiveCfg = Debug|Win32
		{758F4A68-CCD1-4590-B78A-C7A138D98802}.Debug|x86.Build.0 = Debug|Win32
		{758F4A68-CCD1-4590-B78A-C7A138D98802}.Release|x64.ActiveCfg = Release|x64
		{758F4A68-CCD1-4590-B78A-C7A138D98802}.Release|x64.Build.0 = Release|x64
		{758F4A68-CCD1-4590-B78A-C7A138D98802}.Release|x86.ActiveCfg = Release|Win32
		{758F4A68-CCD1-4590-B78A-C7A138D98802}.Release|x86.Build.0 = Release|Win32
		{167104C6-DFB2-4E1A-9082-4FC468DF08ED}.Debug|x64.ActiveCfg = Debug|x64
		{167104C6-DFB2-4E1A-9082-4FC468DF08ED}.Debug|x64.Build.0 = Debug|x64
		{167104C6-DFB2-4E1A-9082-4FC468DF08ED}.Debug|x86.ActiveCfg = Debug|Win32
		{167104C6-DFB2-4E1A-9082-4FC468DF08ED}.Debug|x86.Build.0 = Debug|Win32
		{167104C6-DFB2-4E1A-9082-4FC468DF08ED}.Release|x64.ActiveCfg = Release|x64
		{167104C6-DFB2-4E1A-9082-4FC468DF08ED}.Release|x64.Build.0 = Release|x64
		{167104C6-DFB2-4E1A-9082-4FC468DF08ED}.Release|x86.ActiveCfg = Release|Win32
		{167104C6-DFB2-4E1A-9082-4FC468DF08ED}.Release|x86.Build.0 = Release|Win32
		{2CD08F47-F4E6-44BA-987A-21705C11B6A3}.Debug|x64.ActiveCfg = Debug|x64
		{2CD08F47-F4E6-44BA-987A-21705C11B6A3}.Debug|x64.Build.0 = Debug|x64
		{2CD08F47-F4E6-44BA-987A-21705C11B6A3}.Debug|x86.ActiveCfg = Debug|Win32
		{2CD08F47-F4E6-44BA-987A-21705C11B6A3}.Debug|x86.Build.0 = Debug|Win32
		{2CD08F47-F4E6-44BA-987A-21705C11B6A3}.Release|x64.ActiveCfg = Release|x64
		{2CD08F47-F4E6-44BA-987A-21705C11B6A3}.Release|x64.Build.0 = Release|x64
		{2CD08F47-F4E6-44BA-987A-21705C11B6A3}.Release|x86.ActiveCfg = Release|Win32
		{2CD08F47-F4E6-44BA-987A-21705C11B6A3}.Release|x86.Build.0 = Release|Win32
		{B3E5D1BD-3FC1-4147-B411-C1C436DFBF51}.Debug|x64.ActiveCfg = Debug|x64
		{B3E5D1BD-3FC1-4147-B411-C1C436DFBF51}.Debug|x64.Build.0 = Debug|x64
		{B3E5D1BD-3FC1-4147-B411-C1C436DFBF51}.Debug|x86.ActiveCfg = Debug|Win32
		{B3E5D1BD-3FC1-4147-B411-C1C436DFBF51}.Debug|x86.Build.0 = Debug|Win32
		{B3E5D1BD-3FC1-4147-B411-C1C436DFBF51}.Release|x64.ActiveCfg = Release|x64
		{B3E5D1BD-3FC1-4147-B411-C1C436DFBF51}.Release|x64.Build.0 = Release|x64
		{B3E5D1BD-3FC1-4147-B411-C1C436DFBF51}.Release|x86.ActiveCfg = Release|Win32
		{B3E5D1BD-3FC1-4147-B411-C1C436DFBF51}.Release|x86.Build.0 = Release|Win32
	EndGlobalSection
	GlobalSection(SolutionProperties) = preSolution
		HideSolutionNode = FALSE
	EndGlobalSection
	GlobalSection(ExtensibilityGlobals) = postSolution
		SolutionGuid = {49C14E3A-73E1-43A5-8E1E-1F5DDF525F52}
	EndGlobalSection
EndGlobal
